
Microsoft Visual Studio Solution File, Format Version 12.00
# Visual Studio 2013
VisualStudioVersion = 12.0.31101.0
MinimumVisualStudioVersion = 10.0.40219.1
Project("{FAE04EC0-301F-11D3-BF4B-00C04F79EFBC}") = "1.Garden", "Garden\1.Garden.csproj", "{6343A10D-4E67-45C5-BDB4-A2A001E18A77}"
EndProject
Project("{FAE04EC0-301F-11D3-BF4B-00C04F79EFBC}") = "2.Secrets", "Secrets\2.Secrets.csproj", "{9576920F-FD3A-4FBA-8155-20623CBF95A3}"
EndProject
Project("{FAE04EC0-301F-11D3-BF4B-00C04F79EFBC}") = "3.CardWars", "CardWars\3.CardWars.csproj", "{92151087-6CC8-4307-BFAD-08FEF73C2805}"
EndProject
Project("{FAE04EC0-301F-11D3-BF4B-00C04F79EFBC}") = "4.BatBoikoTower", "BatBoikoTower\4.BatBoikoTower.csproj", "{6430B573-FDFB-4B1A-9BFD-9FC784B2FD8D}"
EndProject
Global
	GlobalSection(SolutionConfigurationPlatforms) = preSolution
		Debug|Any CPU = Debug|Any CPU
		Release|Any CPU = Release|Any CPU
	EndGlobalSection
	GlobalSection(ProjectConfigurationPlatforms) = postSolution
		{6343A10D-4E67-45C5-BDB4-A2A001E18A77}.Debug|Any CPU.ActiveCfg = Debug|Any CPU
		{6343A10D-4E67-45C5-BDB4-A2A001E18A77}.Debug|Any CPU.Build.0 = Debug|Any CPU
		{6343A10D-4E67-45C5-BDB4-A2A001E18A77}.Release|Any CPU.ActiveCfg = Release|Any CPU
		{6343A10D-4E67-45C5-BDB4-A2A001E18A77}.Release|Any CPU.Build.0 = Release|Any CPU
		{9576920F-FD3A-4FBA-8155-20623CBF95A3}.Debug|Any CPU.ActiveCfg = Debug|Any CPU
		{9576920F-FD3A-4FBA-8155-20623CBF95A3}.Debug|Any CPU.Build.0 = Debug|Any CPU
		{9576920F-FD3A-4FBA-8155-20623CBF95A3}.Release|Any CPU.ActiveCfg = Release|Any CPU
		{9576920F-FD3A-4FBA-8155-20623CBF95A3}.Release|Any CPU.Build.0 = Release|Any CPU
		{92151087-6CC8-4307-BFAD-08FEF73C2805}.Debug|Any CPU.ActiveCfg = Debug|Any CPU
		{92151087-6CC8-4307-BFAD-08FEF73C2805}.Debug|Any CPU.Build.0 = Debug|Any CPU
		{92151087-6CC8-4307-BFAD-08FEF73C2805}.Release|Any CPU.ActiveCfg = Release|Any CPU
		{92151087-6CC8-4307-BFAD-08FEF73C2805}.Release|Any CPU.Build.0 = Release|Any CPU
		{6430B573-FDFB-4B1A-9BFD-9FC784B2FD8D}.Debug|Any CPU.ActiveCfg = Debug|Any CPU
		{6430B573-FDFB-4B1A-9BFD-9FC784B2FD8D}.Debug|Any CPU.Build.0 = Debug|Any CPU
		{6430B573-FDFB-4B1A-9BFD-9FC784B2FD8D}.Release|Any CPU.ActiveCfg = Release|Any CPU
		{6430B573-FDFB-4B1A-9BFD-9FC784B2FD8D}.Release|Any CPU.Build.0 = Release|Any CPU
	EndGlobalSection
	GlobalSection(SolutionProperties) = preSolution
		HideSolutionNode = FALSE
	EndGlobalSection
EndGlobal
