
Microsoft Visual Studio Solution File, Format Version 12.00
# Visual Studio 2013
VisualStudioVersion = 12.0.31101.0
MinimumVisualStudioVersion = 10.0.40219.1
Project("{FAE04EC0-301F-11D3-BF4B-00C04F79EFBC}") = "01.NumbersFrom1ToN", "NumbersFrom1ToN\01.NumbersFrom1ToN.csproj", "{490FE6F7-E721-42F7-908C-5E2497989AF1}"
EndProject
Project("{FAE04EC0-301F-11D3-BF4B-00C04F79EFBC}") = "02.NumbersNotDivisibleBy3And7", "NumbersNotDivisibleBy3And7\02.NumbersNotDivisibleBy3And7.csproj", "{ED6F2452-8B10-4FEE-972F-0D84358A2257}"
EndProject
Project("{FAE04EC0-301F-11D3-BF4B-00C04F79EFBC}") = "03.MinMaxSumAverageOfNNumbers", "MinMaxSumAverageOfNNumbers\03.MinMaxSumAverageOfNNumbers.csproj", "{358FE18B-F791-43F5-9F33-3D3F33E9299A}"
EndProject
Project("{FAE04EC0-301F-11D3-BF4B-00C04F79EFBC}") = "04.PrintADeckOf52Cards", "PrintADeckOf52Cards\04.PrintADeckOf52Cards.csproj", "{EA518087-B819-4DAE-8FD0-EDC7433FFD55}"
EndProject
Project("{FAE04EC0-301F-11D3-BF4B-00C04F79EFBC}") = "05.CalculateProblem5", "CalculateProblem5\05.CalculateProblem5.csproj", "{F1C422E6-0D04-4CA8-86D4-13E9182B3705}"
EndProject
Project("{FAE04EC0-301F-11D3-BF4B-00C04F79EFBC}") = "06.CalculateProblem6", "CalculateProblem6\06.CalculateProblem6.csproj", "{E0BDA867-483A-4FE4-9CF5-DBBF78967E62}"
EndProject
Project("{FAE04EC0-301F-11D3-BF4B-00C04F79EFBC}") = "07.CalculateProblem7", "CalculateProblem7\07.CalculateProblem7.csproj", "{BE0291F8-3956-4539-8507-945D9DA277FB}"
EndProject
Project("{FAE04EC0-301F-11D3-BF4B-00C04F79EFBC}") = "08.CatalanNumbers", "CatalanNumbers\08.CatalanNumbers.csproj", "{445342DC-26F0-4DCB-BA03-5BC57452D9A2}"
EndProject
Project("{FAE04EC0-301F-11D3-BF4B-00C04F79EFBC}") = "09.MatrixOfNumbers", "MatrixOfNumbers\09.MatrixOfNumbers.csproj", "{19C896A1-C719-470A-98D6-4544A75255F2}"
EndProject
Project("{FAE04EC0-301F-11D3-BF4B-00C04F79EFBC}") = "10.OddAndEvenProdukt", "OddAndEvenProdukt\10.OddAndEvenProdukt.csproj", "{018EB425-0E23-4FBA-9732-AB8F8E7E9D29}"
EndProject
Project("{FAE04EC0-301F-11D3-BF4B-00C04F79EFBC}") = "11.RandomNumbersInGivenRenge", "RandomNumbersInGivenRenge\11.RandomNumbersInGivenRenge.csproj", "{7C465F7A-415E-4CE2-BF3A-463E5CF401D5}"
EndProject
Project("{FAE04EC0-301F-11D3-BF4B-00C04F79EFBC}") = "12.RandomizeTheNumbers1ToN", "RandomizeTheNumbers1ToN\12.RandomizeTheNumbers1ToN.csproj", "{4C975F1C-169B-471E-B629-BAE841AF3489}"
EndProject
Project("{FAE04EC0-301F-11D3-BF4B-00C04F79EFBC}") = "13.BinaryToDecimalNumber", "BinaryToDecimalNumber\13.BinaryToDecimalNumber.csproj", "{5A9200AD-4655-4648-B87B-B0CFD8771F61}"
EndProject
Project("{FAE04EC0-301F-11D3-BF4B-00C04F79EFBC}") = "14.DecimalToBinaryNumber", "DecimalToBinaryNumber\14.DecimalToBinaryNumber.csproj", "{05B74CB3-E340-4A13-A8FA-547672089FEF}"
EndProject
Project("{FAE04EC0-301F-11D3-BF4B-00C04F79EFBC}") = "15.HexadecimalToDecimalNumber", "HexadecimalToDecimalNumber\15.HexadecimalToDecimalNumber.csproj", "{4E060526-BB98-4B51-8186-D7691B73E2A2}"
EndProject
Project("{FAE04EC0-301F-11D3-BF4B-00C04F79EFBC}") = "16.DecimalToHexadecimaNumber", "DecimalToHexadecimaNumber\16.DecimalToHexadecimaNumber.csproj", "{35787BC4-6E98-44A9-8731-17734B2E7B6D}"
EndProject
Project("{FAE04EC0-301F-11D3-BF4B-00C04F79EFBC}") = "17.CalculateGCD", "CalculateGCD\17.CalculateGCD.csproj", "{7EBD701B-AA82-4A97-8A3C-F8DCCF01DE1C}"
EndProject
Project("{FAE04EC0-301F-11D3-BF4B-00C04F79EFBC}") = "18.TrailingZeroesInN", "TrailingZeroesInN\18.TrailingZeroesInN.csproj", "{870BE636-116F-4A2C-B93B-AD1DD04E34F5}"
EndProject
Project("{FAE04EC0-301F-11D3-BF4B-00C04F79EFBC}") = "19.SpiralMatrix", "SpiralMatrix\19.SpiralMatrix.csproj", "{15FC5AAE-EA24-46D4-80E4-5E3F3244BFA5}"
EndProject
Global
	GlobalSection(SolutionConfigurationPlatforms) = preSolution
		Debug|Any CPU = Debug|Any CPU
		Release|Any CPU = Release|Any CPU
	EndGlobalSection
	GlobalSection(ProjectConfigurationPlatforms) = postSolution
		{490FE6F7-E721-42F7-908C-5E2497989AF1}.Debug|Any CPU.ActiveCfg = Debug|Any CPU
		{490FE6F7-E721-42F7-908C-5E2497989AF1}.Debug|Any CPU.Build.0 = Debug|Any CPU
		{490FE6F7-E721-42F7-908C-5E2497989AF1}.Release|Any CPU.ActiveCfg = Release|Any CPU
		{490FE6F7-E721-42F7-908C-5E2497989AF1}.Release|Any CPU.Build.0 = Release|Any CPU
		{ED6F2452-8B10-4FEE-972F-0D84358A2257}.Debug|Any CPU.ActiveCfg = Debug|Any CPU
		{ED6F2452-8B10-4FEE-972F-0D84358A2257}.Debug|Any CPU.Build.0 = Debug|Any CPU
		{ED6F2452-8B10-4FEE-972F-0D84358A2257}.Release|Any CPU.ActiveCfg = Release|Any CPU
		{ED6F2452-8B10-4FEE-972F-0D84358A2257}.Release|Any CPU.Build.0 = Release|Any CPU
		{358FE18B-F791-43F5-9F33-3D3F33E9299A}.Debug|Any CPU.ActiveCfg = Debug|Any CPU
		{358FE18B-F791-43F5-9F33-3D3F33E9299A}.Debug|Any CPU.Build.0 = Debug|Any CPU
		{358FE18B-F791-43F5-9F33-3D3F33E9299A}.Release|Any CPU.ActiveCfg = Release|Any CPU
		{358FE18B-F791-43F5-9F33-3D3F33E9299A}.Release|Any CPU.Build.0 = Release|Any CPU
		{EA518087-B819-4DAE-8FD0-EDC7433FFD55}.Debug|Any CPU.ActiveCfg = Debug|Any CPU
		{EA518087-B819-4DAE-8FD0-EDC7433FFD55}.Debug|Any CPU.Build.0 = Debug|Any CPU
		{EA518087-B819-4DAE-8FD0-EDC7433FFD55}.Release|Any CPU.ActiveCfg = Release|Any CPU
		{EA518087-B819-4DAE-8FD0-EDC7433FFD55}.Release|Any CPU.Build.0 = Release|Any CPU
		{F1C422E6-0D04-4CA8-86D4-13E9182B3705}.Debug|Any CPU.ActiveCfg = Debug|Any CPU
		{F1C422E6-0D04-4CA8-86D4-13E9182B3705}.Debug|Any CPU.Build.0 = Debug|Any CPU
		{F1C422E6-0D04-4CA8-86D4-13E9182B3705}.Release|Any CPU.ActiveCfg = Release|Any CPU
		{F1C422E6-0D04-4CA8-86D4-13E9182B3705}.Release|Any CPU.Build.0 = Release|Any CPU
		{E0BDA867-483A-4FE4-9CF5-DBBF78967E62}.Debug|Any CPU.ActiveCfg = Debug|Any CPU
		{E0BDA867-483A-4FE4-9CF5-DBBF78967E62}.Debug|Any CPU.Build.0 = Debug|Any CPU
		{E0BDA867-483A-4FE4-9CF5-DBBF78967E62}.Release|Any CPU.ActiveCfg = Release|Any CPU
		{E0BDA867-483A-4FE4-9CF5-DBBF78967E62}.Release|Any CPU.Build.0 = Release|Any CPU
		{BE0291F8-3956-4539-8507-945D9DA277FB}.Debug|Any CPU.ActiveCfg = Debug|Any CPU
		{BE0291F8-3956-4539-8507-945D9DA277FB}.Debug|Any CPU.Build.0 = Debug|Any CPU
		{BE0291F8-3956-4539-8507-945D9DA277FB}.Release|Any CPU.ActiveCfg = Release|Any CPU
		{BE0291F8-3956-4539-8507-945D9DA277FB}.Release|Any CPU.Build.0 = Release|Any CPU
		{445342DC-26F0-4DCB-BA03-5BC57452D9A2}.Debug|Any CPU.ActiveCfg = Debug|Any CPU
		{445342DC-26F0-4DCB-BA03-5BC57452D9A2}.Debug|Any CPU.Build.0 = Debug|Any CPU
		{445342DC-26F0-4DCB-BA03-5BC57452D9A2}.Release|Any CPU.ActiveCfg = Release|Any CPU
		{445342DC-26F0-4DCB-BA03-5BC57452D9A2}.Release|Any CPU.Build.0 = Release|Any CPU
		{19C896A1-C719-470A-98D6-4544A75255F2}.Debug|Any CPU.ActiveCfg = Debug|Any CPU
		{19C896A1-C719-470A-98D6-4544A75255F2}.Debug|Any CPU.Build.0 = Debug|Any CPU
		{19C896A1-C719-470A-98D6-4544A75255F2}.Release|Any CPU.ActiveCfg = Release|Any CPU
		{19C896A1-C719-470A-98D6-4544A75255F2}.Release|Any CPU.Build.0 = Release|Any CPU
		{018EB425-0E23-4FBA-9732-AB8F8E7E9D29}.Debug|Any CPU.ActiveCfg = Debug|Any CPU
		{018EB425-0E23-4FBA-9732-AB8F8E7E9D29}.Debug|Any CPU.Build.0 = Debug|Any CPU
		{018EB425-0E23-4FBA-9732-AB8F8E7E9D29}.Release|Any CPU.ActiveCfg = Release|Any CPU
		{018EB425-0E23-4FBA-9732-AB8F8E7E9D29}.Release|Any CPU.Build.0 = Release|Any CPU
		{7C465F7A-415E-4CE2-BF3A-463E5CF401D5}.Debug|Any CPU.ActiveCfg = Debug|Any CPU
		{7C465F7A-415E-4CE2-BF3A-463E5CF401D5}.Debug|Any CPU.Build.0 = Debug|Any CPU
		{7C465F7A-415E-4CE2-BF3A-463E5CF401D5}.Release|Any CPU.ActiveCfg = Release|Any CPU
		{7C465F7A-415E-4CE2-BF3A-463E5CF401D5}.Release|Any CPU.Build.0 = Release|Any CPU
		{4C975F1C-169B-471E-B629-BAE841AF3489}.Debug|Any CPU.ActiveCfg = Debug|Any CPU
		{4C975F1C-169B-471E-B629-BAE841AF3489}.Debug|Any CPU.Build.0 = Debug|Any CPU
		{4C975F1C-169B-471E-B629-BAE841AF3489}.Release|Any CPU.ActiveCfg = Release|Any CPU
		{4C975F1C-169B-471E-B629-BAE841AF3489}.Release|Any CPU.Build.0 = Release|Any CPU
		{5A9200AD-4655-4648-B87B-B0CFD8771F61}.Debug|Any CPU.ActiveCfg = Debug|Any CPU
		{5A9200AD-4655-4648-B87B-B0CFD8771F61}.Debug|Any CPU.Build.0 = Debug|Any CPU
		{5A9200AD-4655-4648-B87B-B0CFD8771F61}.Release|Any CPU.ActiveCfg = Release|Any CPU
		{5A9200AD-4655-4648-B87B-B0CFD8771F61}.Release|Any CPU.Build.0 = Release|Any CPU
		{05B74CB3-E340-4A13-A8FA-547672089FEF}.Debug|Any CPU.ActiveCfg = Debug|Any CPU
		{05B74CB3-E340-4A13-A8FA-547672089FEF}.Debug|Any CPU.Build.0 = Debug|Any CPU
		{05B74CB3-E340-4A13-A8FA-547672089FEF}.Release|Any CPU.ActiveCfg = Release|Any CPU
		{05B74CB3-E340-4A13-A8FA-547672089FEF}.Release|Any CPU.Build.0 = Release|Any CPU
		{4E060526-BB98-4B51-8186-D7691B73E2A2}.Debug|Any CPU.ActiveCfg = Debug|Any CPU
		{4E060526-BB98-4B51-8186-D7691B73E2A2}.Debug|Any CPU.Build.0 = Debug|Any CPU
		{4E060526-BB98-4B51-8186-D7691B73E2A2}.Release|Any CPU.ActiveCfg = Release|Any CPU
		{4E060526-BB98-4B51-8186-D7691B73E2A2}.Release|Any CPU.Build.0 = Release|Any CPU
		{35787BC4-6E98-44A9-8731-17734B2E7B6D}.Debug|Any CPU.ActiveCfg = Debug|Any CPU
		{35787BC4-6E98-44A9-8731-17734B2E7B6D}.Debug|Any CPU.Build.0 = Debug|Any CPU
		{35787BC4-6E98-44A9-8731-17734B2E7B6D}.Release|Any CPU.ActiveCfg = Release|Any CPU
		{35787BC4-6E98-44A9-8731-17734B2E7B6D}.Release|Any CPU.Build.0 = Release|Any CPU
		{7EBD701B-AA82-4A97-8A3C-F8DCCF01DE1C}.Debug|Any CPU.ActiveCfg = Debug|Any CPU
		{7EBD701B-AA82-4A97-8A3C-F8DCCF01DE1C}.Debug|Any CPU.Build.0 = Debug|Any CPU
		{7EBD701B-AA82-4A97-8A3C-F8DCCF01DE1C}.Release|Any CPU.ActiveCfg = Release|Any CPU
		{7EBD701B-AA82-4A97-8A3C-F8DCCF01DE1C}.Release|Any CPU.Build.0 = Release|Any CPU
		{870BE636-116F-4A2C-B93B-AD1DD04E34F5}.Debug|Any CPU.ActiveCfg = Debug|Any CPU
		{870BE636-116F-4A2C-B93B-AD1DD04E34F5}.Debug|Any CPU.Build.0 = Debug|Any CPU
		{870BE636-116F-4A2C-B93B-AD1DD04E34F5}.Release|Any CPU.ActiveCfg = Release|Any CPU
		{870BE636-116F-4A2C-B93B-AD1DD04E34F5}.Release|Any CPU.Build.0 = Release|Any CPU
		{15FC5AAE-EA24-46D4-80E4-5E3F3244BFA5}.Debug|Any CPU.ActiveCfg = Debug|Any CPU
		{15FC5AAE-EA24-46D4-80E4-5E3F3244BFA5}.Debug|Any CPU.Build.0 = Debug|Any CPU
		{15FC5AAE-EA24-46D4-80E4-5E3F3244BFA5}.Release|Any CPU.ActiveCfg = Release|Any CPU
		{15FC5AAE-EA24-46D4-80E4-5E3F3244BFA5}.Release|Any CPU.Build.0 = Release|Any CPU
	EndGlobalSection
	GlobalSection(SolutionProperties) = preSolution
		HideSolutionNode = FALSE
	EndGlobalSection
EndGlobal
