
Microsoft Visual Studio Solution File, Format Version 12.00
# Visual Studio 2013
VisualStudioVersion = 12.0.31101.0
MinimumVisualStudioVersion = 10.0.40219.1
Project("{FAE04EC0-301F-11D3-BF4B-00C04F79EFBC}") = "1.PiecceOfCake", "PiecceOfCake\1.PiecceOfCake.csproj", "{03003922-6B11-42E6-8FAC-D9A1FDE2FBD1}"
EndProject
Project("{FAE04EC0-301F-11D3-BF4B-00C04F79EFBC}") = "2.1.AngryFemaleGPSString", "AngryFemaleGPSString\2.1.AngryFemaleGPSString.csproj", "{3A35851F-3060-4A3E-82DF-21176BAD6DA1}"
EndProject
Project("{FAE04EC0-301F-11D3-BF4B-00C04F79EFBC}") = "2.2.AngryFemaleGPS", "AngryFemaleGPS\2.2.AngryFemaleGPS.csproj", "{FD5773EE-1E6C-41C0-8EEE-1D34C58A218E}"
EndProject
Project("{FAE04EC0-301F-11D3-BF4B-00C04F79EFBC}") = "4.Eggcelent", "Eggcelent\4.Eggcelent.csproj", "{06F56546-42EC-476E-8D0B-7FDD8A0AB637}"
EndProject
Global
	GlobalSection(SolutionConfigurationPlatforms) = preSolution
		Debug|Any CPU = Debug|Any CPU
		Release|Any CPU = Release|Any CPU
	EndGlobalSection
	GlobalSection(ProjectConfigurationPlatforms) = postSolution
		{03003922-6B11-42E6-8FAC-D9A1FDE2FBD1}.Debug|Any CPU.ActiveCfg = Debug|Any CPU
		{03003922-6B11-42E6-8FAC-D9A1FDE2FBD1}.Debug|Any CPU.Build.0 = Debug|Any CPU
		{03003922-6B11-42E6-8FAC-D9A1FDE2FBD1}.Release|Any CPU.ActiveCfg = Release|Any CPU
		{03003922-6B11-42E6-8FAC-D9A1FDE2FBD1}.Release|Any CPU.Build.0 = Release|Any CPU
		{3A35851F-3060-4A3E-82DF-21176BAD6DA1}.Debug|Any CPU.ActiveCfg = Debug|Any CPU
		{3A35851F-3060-4A3E-82DF-21176BAD6DA1}.Debug|Any CPU.Build.0 = Debug|Any CPU
		{3A35851F-3060-4A3E-82DF-21176BAD6DA1}.Release|Any CPU.ActiveCfg = Release|Any CPU
		{3A35851F-3060-4A3E-82DF-21176BAD6DA1}.Release|Any CPU.Build.0 = Release|Any CPU
		{FD5773EE-1E6C-41C0-8EEE-1D34C58A218E}.Debug|Any CPU.ActiveCfg = Debug|Any CPU
		{FD5773EE-1E6C-41C0-8EEE-1D34C58A218E}.Debug|Any CPU.Build.0 = Debug|Any CPU
		{FD5773EE-1E6C-41C0-8EEE-1D34C58A218E}.Release|Any CPU.ActiveCfg = Release|Any CPU
		{FD5773EE-1E6C-41C0-8EEE-1D34C58A218E}.Release|Any CPU.Build.0 = Release|Any CPU
		{06F56546-42EC-476E-8D0B-7FDD8A0AB637}.Debug|Any CPU.ActiveCfg = Debug|Any CPU
		{06F56546-42EC-476E-8D0B-7FDD8A0AB637}.Debug|Any CPU.Build.0 = Debug|Any CPU
		{06F56546-42EC-476E-8D0B-7FDD8A0AB637}.Release|Any CPU.ActiveCfg = Release|Any CPU
		{06F56546-42EC-476E-8D0B-7FDD8A0AB637}.Release|Any CPU.Build.0 = Release|Any CPU
	EndGlobalSection
	GlobalSection(SolutionProperties) = preSolution
		HideSolutionNode = FALSE
	EndGlobalSection
EndGlobal
