
Microsoft Visual Studio Solution File, Format Version 12.00
# Visual Studio 2013
VisualStudioVersion = 12.0.31101.0
MinimumVisualStudioVersion = 10.0.40219.1
Project("{FAE04EC0-301F-11D3-BF4B-00C04F79EFBC}") = "1.369", "369\1.369.csproj", "{CBC7A1D2-A294-42E1-8007-C9A60782B4F3}"
EndProject
Project("{FAE04EC0-301F-11D3-BF4B-00C04F79EFBC}") = "2.TheHorror", "TheHorror\2.TheHorror.csproj", "{B8BE1162-6DB9-4171-BAFB-4F17915EE396}"
EndProject
Project("{FAE04EC0-301F-11D3-BF4B-00C04F79EFBC}") = "4.DiamondTrolls", "DiamondTrolls\4.DiamondTrolls.csproj", "{C0E0D2A8-50ED-4D36-8472-9B2131A6A025}"
EndProject
Global
	GlobalSection(SolutionConfigurationPlatforms) = preSolution
		Debug|Any CPU = Debug|Any CPU
		Release|Any CPU = Release|Any CPU
	EndGlobalSection
	GlobalSection(ProjectConfigurationPlatforms) = postSolution
		{CBC7A1D2-A294-42E1-8007-C9A60782B4F3}.Debug|Any CPU.ActiveCfg = Debug|Any CPU
		{CBC7A1D2-A294-42E1-8007-C9A60782B4F3}.Debug|Any CPU.Build.0 = Debug|Any CPU
		{CBC7A1D2-A294-42E1-8007-C9A60782B4F3}.Release|Any CPU.ActiveCfg = Release|Any CPU
		{CBC7A1D2-A294-42E1-8007-C9A60782B4F3}.Release|Any CPU.Build.0 = Release|Any CPU
		{B8BE1162-6DB9-4171-BAFB-4F17915EE396}.Debug|Any CPU.ActiveCfg = Debug|Any CPU
		{B8BE1162-6DB9-4171-BAFB-4F17915EE396}.Debug|Any CPU.Build.0 = Debug|Any CPU
		{B8BE1162-6DB9-4171-BAFB-4F17915EE396}.Release|Any CPU.ActiveCfg = Release|Any CPU
		{B8BE1162-6DB9-4171-BAFB-4F17915EE396}.Release|Any CPU.Build.0 = Release|Any CPU
		{C0E0D2A8-50ED-4D36-8472-9B2131A6A025}.Debug|Any CPU.ActiveCfg = Debug|Any CPU
		{C0E0D2A8-50ED-4D36-8472-9B2131A6A025}.Debug|Any CPU.Build.0 = Debug|Any CPU
		{C0E0D2A8-50ED-4D36-8472-9B2131A6A025}.Release|Any CPU.ActiveCfg = Release|Any CPU
		{C0E0D2A8-50ED-4D36-8472-9B2131A6A025}.Release|Any CPU.Build.0 = Release|Any CPU
	EndGlobalSection
	GlobalSection(SolutionProperties) = preSolution
		HideSolutionNode = FALSE
	EndGlobalSection
EndGlobal
